
Microsoft Visual Studio Solution File, Format Version 12.00
# Visual Studio Version 17
VisualStudioVersion = 17.12.35506.116
MinimumVisualStudioVersion = 10.0.40219.1
Project("{8BC9CEB8-8B4A-11D0-8D11-00A0C91BC942}") = "Remapper", "Remapper\Remapper.vcxproj", "{03BFF06E-126A-4CE8-A94B-232C2F1C6E38}"
	ProjectSection(ProjectDependencies) = postProject
		{4DE3FBC8-06EF-4C2A-89A3-D8869DCA6866} = {4DE3FBC8-06EF-4C2A-89A3-D8869DCA6866}
	EndProjectSection
EndProject
Project("{8BC9CEB8-8B4A-11D0-8D11-00A0C91BC942}") = "Hook", "Hook\Hook.vcxproj", "{4DE3FBC8-06EF-4C2A-89A3-D8869DCA6866}"
EndProject
Project("{2150E333-8FDC-42A3-9474-1A3956D46DE8}") = "Misc", "Misc", "{03563D01-5C4A-4A8B-946D-C3079009BB7C}"
	ProjectSection(SolutionItems) = preProject
		.editorconfig = .editorconfig
		.gitignore = .gitignore
		README.md = README.md
	EndProjectSection
EndProject
Project("{2150E333-8FDC-42A3-9474-1A3956D46DE8}") = "Scripts", "Scripts", "{40708931-86A3-43B5-963B-5533CF1065C7}"
	ProjectSection(SolutionItems) = preProject
		Scripts\Install.ps1 = Scripts\Install.ps1
		Scripts\Uninstall.ps1 = Scripts\Uninstall.ps1
	EndProjectSection
EndProject
Global
	GlobalSection(SolutionConfigurationPlatforms) = preSolution
		Debug|x64 = Debug|x64
		Release|x64 = Release|x64
	EndGlobalSection
	GlobalSection(ProjectConfigurationPlatforms) = postSolution
		{03BFF06E-126A-4CE8-A94B-232C2F1C6E38}.Debug|x64.ActiveCfg = Debug|x64
		{03BFF06E-126A-4CE8-A94B-232C2F1C6E38}.Debug|x64.Build.0 = Debug|x64
		{03BFF06E-126A-4CE8-A94B-232C2F1C6E38}.Release|x64.ActiveCfg = Release|x64
		{03BFF06E-126A-4CE8-A94B-232C2F1C6E38}.Release|x64.Build.0 = Release|x64
		{4DE3FBC8-06EF-4C2A-89A3-D8869DCA6866}.Debug|x64.ActiveCfg = Debug|x64
		{4DE3FBC8-06EF-4C2A-89A3-D8869DCA6866}.Debug|x64.Build.0 = Debug|x64
		{4DE3FBC8-06EF-4C2A-89A3-D8869DCA6866}.Release|x64.ActiveCfg = Release|x64
		{4DE3FBC8-06EF-4C2A-89A3-D8869DCA6866}.Release|x64.Build.0 = Release|x64
	EndGlobalSection
	GlobalSection(SolutionProperties) = preSolution
		HideSolutionNode = FALSE
	EndGlobalSection
EndGlobal
